
Microsoft Visual Studio Solution File, Format Version 11.00
# Visual Studio 2010
Project("{FAE04EC0-301F-11D3-BF4B-00C04F79EFBC}") = "Word7AddIn", "Word7AddIn\Word7AddIn.csproj", "{953FA7EF-3B8F-4228-BDB1-109CFDEABEAF}"
EndProject
Global
	GlobalSection(SolutionConfigurationPlatforms) = preSolution
		Debug|Any CPU = Debug|Any CPU
		Release|Any CPU = Release|Any CPU
	EndGlobalSection
	GlobalSection(ProjectConfigurationPlatforms) = postSolution
		{953FA7EF-3B8F-4228-BDB1-109CFDEABEAF}.Debug|Any CPU.ActiveCfg = Debug|Any CPU
		{953FA7EF-3B8F-4228-BDB1-109CFDEABEAF}.Debug|Any CPU.Build.0 = Debug|Any CPU
		{953FA7EF-3B8F-4228-BDB1-109CFDEABEAF}.Release|Any CPU.ActiveCfg = Release|Any CPU
		{953FA7EF-3B8F-4228-BDB1-109CFDEABEAF}.Release|Any CPU.Build.0 = Release|Any CPU
	EndGlobalSection
	GlobalSection(SolutionProperties) = preSolution
		HideSolutionNode = FALSE
	EndGlobalSection
EndGlobal
